# DANGER: EDIT AT YOUR OWN RISK. Track this file in version control so that others can sync files correctly.
- commit: 88da8f4c202d63653a025198427424f2d1353e5a
  files:
  - .github/readme-check.yaml
  - .github/release.yaml
  - .github/rust-lint.yaml
  - .github/rust-test.yaml
  - .semgrep-rules/rust.yaml
  - Cargo.lock
  - Cargo.toml
  - LICENSE
  - clippy.toml
  - main.rs
  - rust.gitignore
  - rust.mirror.yaml
  - rust.pre-commit-config.yaml
  - template-README.md
  - version.txt
  source: https://github.com/George-Ogden/mirror-config
