# DANGER: EDIT AT YOUR OWN RISK. Track this file in version control so that others can sync files correctly.
- commit: a47fc432daefad32f01660e891b7a70ad81535d8
  files:
  - .github/rust-lint.yaml
  - .github/rust-test.yaml
  - .semgrep-rules/rust.yaml
  - Cargo.lock
  - Cargo.toml
  - LICENSE
  - clippy.toml
  - main.rs
  - rust.gitignore
  - rust.mirror.yaml
  - rust.pre-commit-config.yaml
  - template-README.md
  source: https://github.com/George-Ogden/mirror-config
