# DANGER: EDIT AT YOUR OWN RISK. Track this file in version control so that others can sync files correctly.
- commit: df9060b6a6c298c2292939abd6bbe0c9f3124691
  files:
  - .github/release.yaml
  - .github/rust-lint.yaml
  - .github/rust-test.yaml
  - .github/rust-version-check.yaml
  - .semgrep-rules/cargo.yaml
  - .semgrep-rules/rust.yaml
  - Cargo.lock
  - Cargo.toml
  - LICENSE
  - clippy.toml
  - main.rs
  - rust.gitignore
  - rust.mirror.yaml
  - rust.pre-commit-config.yaml
  - template-README.md
  - version.txt
  source: https://github.com/George-Ogden/mirror-config
